
Microsoft Visual Studio Solution File, Format Version 12.00
# Visual Studio Version 17
VisualStudioVersion = 17.4.33110.190
MinimumVisualStudioVersion = 10.0.40219.1
Project("{FAE04EC0-301F-11D3-BF4B-00C04F79EFBC}") = "PhoneBookApi", "PhoneBookApi\PhoneBookApi.csproj", "{709C33A7-CD43-4929-83F9-7816C6B82697}"
EndProject
Global
	GlobalSection(SolutionConfigurationPlatforms) = preSolution
		Debug|Any CPU = Debug|Any CPU
		Release|Any CPU = Release|Any CPU
	EndGlobalSection
	GlobalSection(ProjectConfigurationPlatforms) = postSolution
		{709C33A7-CD43-4929-83F9-7816C6B82697}.Debug|Any CPU.ActiveCfg = Debug|Any CPU
		{709C33A7-CD43-4929-83F9-7816C6B82697}.Debug|Any CPU.Build.0 = Debug|Any CPU
		{709C33A7-CD43-4929-83F9-7816C6B82697}.Release|Any CPU.ActiveCfg = Release|Any CPU
		{709C33A7-CD43-4929-83F9-7816C6B82697}.Release|Any CPU.Build.0 = Release|Any CPU
	EndGlobalSection
	GlobalSection(SolutionProperties) = preSolution
		HideSolutionNode = FALSE
	EndGlobalSection
	GlobalSection(ExtensibilityGlobals) = postSolution
		SolutionGuid = {FD30BFFC-E2B1-400F-925E-98868D4D304D}
	EndGlobalSection
EndGlobal
